
Microsoft Visual Studio Solution File, Format Version 12.00
# Visual Studio Version 17
VisualStudioVersion = 17.3.32901.215
MinimumVisualStudioVersion = 10.0.40219.1
Project("{FAE04EC0-301F-11D3-BF4B-00C04F79EFBC}") = "2.34", "2.34\2.34.csproj", "{0284AB49-6E98-470F-B1FD-6A31E2D21E79}"
EndProject
Global
	GlobalSection(SolutionConfigurationPlatforms) = preSolution
		Debug|Any CPU = Debug|Any CPU
		Release|Any CPU = Release|Any CPU
	EndGlobalSection
	GlobalSection(ProjectConfigurationPlatforms) = postSolution
		{0284AB49-6E98-470F-B1FD-6A31E2D21E79}.Debug|Any CPU.ActiveCfg = Debug|Any CPU
		{0284AB49-6E98-470F-B1FD-6A31E2D21E79}.Debug|Any CPU.Build.0 = Debug|Any CPU
		{0284AB49-6E98-470F-B1FD-6A31E2D21E79}.Release|Any CPU.ActiveCfg = Release|Any CPU
		{0284AB49-6E98-470F-B1FD-6A31E2D21E79}.Release|Any CPU.Build.0 = Release|Any CPU
	EndGlobalSection
	GlobalSection(SolutionProperties) = preSolution
		HideSolutionNode = FALSE
	EndGlobalSection
	GlobalSection(ExtensibilityGlobals) = postSolution
		SolutionGuid = {44A2D963-1AA8-49AC-B1B9-889339D3BBBC}
	EndGlobalSection
EndGlobal
